// !$*UTF8*$!
{
	archiveVersion = 1;
	classes = {
	};
	objectVersion = 50;
	objects = {

/* Begin PBXBuildFile section */
		3E22C41220FAB61A00FE895E /* AppDelegate.m in Sources */ = {isa = PBXBuildFile; fileRef = 3E22C3F720FAB61A00FE895E /* AppDelegate.m */; };
		3E22C41320FAB61A00FE895E /* main.m in Sources */ = {isa = PBXBuildFile; fileRef = 3E22C40D20FAB61A00FE895E /* main.m */; };
		3E22C41620FABF3E00FE895E /* WDDEssenceViewController.m in Sources */ = {isa = PBXBuildFile; fileRef = 3E22C41520FABF3E00FE895E /* WDDEssenceViewController.m */; };
		3E22C41920FABFB100FE895E /* WDDFriendTrendViewController.m in Sources */ = {isa = PBXBuildFile; fileRef = 3E22C41820FABFB100FE895E /* WDDFriendTrendViewController.m */; };
		3E22C41C20FABFF100FE895E /* WDDMeViewController.m in Sources */ = {isa = PBXBuildFile; fileRef = 3E22C41B20FABFF100FE895E /* WDDMeViewController.m */; };
		3E22C41F20FAC01900FE895E /* WDDNewViewController.m in Sources */ = {isa = PBXBuildFile; fileRef = 3E22C41E20FAC01900FE895E /* WDDNewViewController.m */; };
		3E22C42220FAC03800FE895E /* WDDPublishViewController.m in Sources */ = {isa = PBXBuildFile; fileRef = 3E22C42120FAC03800FE895E /* WDDPublishViewController.m */; };
		3E22C42520FAC08800FE895E /* WDDTabBarViewController.m in Sources */ = {isa = PBXBuildFile; fileRef = 3E22C42420FAC08800FE895E /* WDDTabBarViewController.m */; };
		3E22C42920FAF0F500FE895E /* UIImage+image.m in Sources */ = {isa = PBXBuildFile; fileRef = 3E22C42720FAF0F500FE895E /* UIImage+image.m */; };
		3E22C42C20FC2F7F00FE895E /* UIBarButtonItem+item.m in Sources */ = {isa = PBXBuildFile; fileRef = 3E22C42B20FC2F7F00FE895E /* UIBarButtonItem+item.m */; };
		3E22C42F20FC4E0100FE895E /* WDDNavigationController.m in Sources */ = {isa = PBXBuildFile; fileRef = 3E22C42E20FC4E0100FE895E /* WDDNavigationController.m */; };
		3E22C43620FC886800FE895E /* WDDSettingController.m in Sources */ = {isa = PBXBuildFile; fileRef = 3E22C43520FC886800FE895E /* WDDSettingController.m */; };
		3E92C4DE20F998B000523A32 /* Assets.xcassets in Resources */ = {isa = PBXBuildFile; fileRef = 3E92C4DD20F998B000523A32 /* Assets.xcassets */; };
		3E92C4E120F998B000523A32 /* LaunchScreen.storyboard in Resources */ = {isa = PBXBuildFile; fileRef = 3E92C4DF20F998B000523A32 /* LaunchScreen.storyboard */; };
		E83869AD0B4780D69EDFEEC9 /* libPods-Baisibudejie.a in Frameworks */ = {isa = PBXBuildFile; fileRef = 0BE446F9B49F18B4040513E1 /* libPods-Baisibudejie.a */; };
/* End PBXBuildFile section */

/* Begin PBXFileReference section */
		0BE446F9B49F18B4040513E1 /* libPods-Baisibudejie.a */ = {isa = PBXFileReference; explicitFileType = archive.ar; includeInIndex = 0; path = "libPods-Baisibudejie.a"; sourceTree = BUILT_PRODUCTS_DIR; };
		2FB8B50E796AF10A098D5DCF /* Pods-Baisibudejie.release.xcconfig */ = {isa = PBXFileReference; includeInIndex = 1; lastKnownFileType = text.xcconfig; name = "Pods-Baisibudejie.release.xcconfig"; path = "Pods/Target Support Files/Pods-Baisibudejie/Pods-Baisibudejie.release.xcconfig"; sourceTree = "<group>"; };
		3E22C3F620FAB61A00FE895E /* AppDelegate.h */ = {isa = PBXFileReference; fileEncoding = 4; lastKnownFileType = sourcecode.c.h; path = AppDelegate.h; sourceTree = "<group>"; };
		3E22C3F720FAB61A00FE895E /* AppDelegate.m */ = {isa = PBXFileReference; fileEncoding = 4; lastKnownFileType = sourcecode.c.objc; path = AppDelegate.m; sourceTree = "<group>"; };
		3E22C40D20FAB61A00FE895E /* main.m */ = {isa = PBXFileReference; fileEncoding = 4; lastKnownFileType = sourcecode.c.objc; path = main.m; sourceTree = "<group>"; };
		3E22C41420FABF3E00FE895E /* WDDEssenceViewController.h */ = {isa = PBXFileReference; lastKnownFileType = sourcecode.c.h; path = WDDEssenceViewController.h; sourceTree = "<group>"; };
		3E22C41520FABF3E00FE895E /* WDDEssenceViewController.m */ = {isa = PBXFileReference; lastKnownFileType = sourcecode.c.objc; path = WDDEssenceViewController.m; sourceTree = "<group>"; };
		3E22C41720FABFB100FE895E /* WDDFriendTrendViewController.h */ = {isa = PBXFileReference; lastKnownFileType = sourcecode.c.h; path = WDDFriendTrendViewController.h; sourceTree = "<group>"; };
		3E22C41820FABFB100FE895E /* WDDFriendTrendViewController.m */ = {isa = PBXFileReference; lastKnownFileType = sourcecode.c.objc; path = WDDFriendTrendViewController.m; sourceTree = "<group>"; };
		3E22C41A20FABFF100FE895E /* WDDMeViewController.h */ = {isa = PBXFileReference; lastKnownFileType = sourcecode.c.h; path = WDDMeViewController.h; sourceTree = "<group>"; };
		3E22C41B20FABFF100FE895E /* WDDMeViewController.m */ = {isa = PBXFileReference; lastKnownFileType = sourcecode.c.objc; path = WDDMeViewController.m; sourceTree = "<group>"; };
		3E22C41D20FAC01900FE895E /* WDDNewViewController.h */ = {isa = PBXFileReference; lastKnownFileType = sourcecode.c.h; path = WDDNewViewController.h; sourceTree = "<group>"; };
		3E22C41E20FAC01900FE895E /* WDDNewViewController.m */ = {isa = PBXFileReference; lastKnownFileType = sourcecode.c.objc; path = WDDNewViewController.m; sourceTree = "<group>"; };
		3E22C42020FAC03800FE895E /* WDDPublishViewController.h */ = {isa = PBXFileReference; lastKnownFileType = sourcecode.c.h; path = WDDPublishViewController.h; sourceTree = "<group>"; };
		3E22C42120FAC03800FE895E /* WDDPublishViewController.m */ = {isa = PBXFileReference; lastKnownFileType = sourcecode.c.objc; path = WDDPublishViewController.m; sourceTree = "<group>"; };
		3E22C42320FAC08800FE895E /* WDDTabBarViewController.h */ = {isa = PBXFileReference; lastKnownFileType = sourcecode.c.h; path = WDDTabBarViewController.h; sourceTree = "<group>"; };
		3E22C42420FAC08800FE895E /* WDDTabBarViewController.m */ = {isa = PBXFileReference; lastKnownFileType = sourcecode.c.objc; path = WDDTabBarViewController.m; sourceTree = "<group>"; };
		3E22C42720FAF0F500FE895E /* UIImage+image.m */ = {isa = PBXFileReference; fileEncoding = 4; lastKnownFileType = sourcecode.c.objc; path = "UIImage+image.m"; sourceTree = "<group>"; };
		3E22C42820FAF0F500FE895E /* UIImage+image.h */ = {isa = PBXFileReference; fileEncoding = 4; lastKnownFileType = sourcecode.c.h; path = "UIImage+image.h"; sourceTree = "<group>"; };
		3E22C42A20FC2F7F00FE895E /* UIBarButtonItem+item.h */ = {isa = PBXFileReference; fileEncoding = 4; lastKnownFileType = sourcecode.c.h; path = "UIBarButtonItem+item.h"; sourceTree = "<group>"; };
		3E22C42B20FC2F7F00FE895E /* UIBarButtonItem+item.m */ = {isa = PBXFileReference; fileEncoding = 4; lastKnownFileType = sourcecode.c.objc; path = "UIBarButtonItem+item.m"; sourceTree = "<group>"; };
		3E22C42D20FC4E0100FE895E /* WDDNavigationController.h */ = {isa = PBXFileReference; lastKnownFileType = sourcecode.c.h; path = WDDNavigationController.h; sourceTree = "<group>"; };
		3E22C42E20FC4E0100FE895E /* WDDNavigationController.m */ = {isa = PBXFileReference; lastKnownFileType = sourcecode.c.objc; path = WDDNavigationController.m; sourceTree = "<group>"; };
		3E22C43420FC886800FE895E /* WDDSettingController.h */ = {isa = PBXFileReference; lastKnownFileType = sourcecode.c.h; path = WDDSettingController.h; sourceTree = "<group>"; };
		3E22C43520FC886800FE895E /* WDDSettingController.m */ = {isa = PBXFileReference; lastKnownFileType = sourcecode.c.objc; path = WDDSettingController.m; sourceTree = "<group>"; };
		3E92C4D120F998AF00523A32 /* Baisibudejie.app */ = {isa = PBXFileReference; explicitFileType = wrapper.application; includeInIndex = 0; path = Baisibudejie.app; sourceTree = BUILT_PRODUCTS_DIR; };
		3E92C4DD20F998B000523A32 /* Assets.xcassets */ = {isa = PBXFileReference; lastKnownFileType = folder.assetcatalog; path = Assets.xcassets; sourceTree = "<group>"; };
		3E92C4E020F998B000523A32 /* Base */ = {isa = PBXFileReference; lastKnownFileType = file.storyboard; name = Base; path = Base.lproj/LaunchScreen.storyboard; sourceTree = "<group>"; };
		3E92C4E220F998B000523A32 /* Info.plist */ = {isa = PBXFileReference; lastKnownFileType = text.plist.xml; path = Info.plist; sourceTree = "<group>"; };
		B3F303D50102375494F1A4F5 /* Pods-Baisibudejie.debug.xcconfig */ = {isa = PBXFileReference; includeInIndex = 1; lastKnownFileType = text.xcconfig; name = "Pods-Baisibudejie.debug.xcconfig"; path = "Pods/Target Support Files/Pods-Baisibudejie/Pods-Baisibudejie.debug.xcconfig"; sourceTree = "<group>"; };
/* End PBXFileReference section */

/* Begin PBXFrameworksBuildPhase section */
		3E92C4CE20F998AF00523A32 /* Frameworks */ = {
			isa = PBXFrameworksBuildPhase;
			buildActionMask = 2147483647;
			files = (
				E83869AD0B4780D69EDFEEC9 /* libPods-Baisibudejie.a in Frameworks */,
			);
			runOnlyForDeploymentPostprocessing = 0;
		};
/* End PBXFrameworksBuildPhase section */

/* Begin PBXGroup section */
		3E22C3F420FAB61A00FE895E /* Classes */ = {
			isa = PBXGroup;
			children = (
				3E282F3220FED5E600E45743 /* AD */,
				3E22C43020FC882100FE895E /* Setting(设置) */,
				3E22C3F520FAB61A00FE895E /* AppEntry(程序) */,
				3E22C40020FAB61A00FE895E /* Main(主要) */,
				3E22C3F820FAB61A00FE895E /* Esserce(精华) */,
				3E22C40820FAB61A00FE895E /* New(新帖) */,
				3E22C40E20FAB61A00FE895E /* Publish(发布) */,
				3E22C3FC20FAB61A00FE895E /* FriendTrend(关注) */,
				3E22C40420FAB61A00FE895E /* Me(我) */,
				3E22C40C20FAB61A00FE895E /* Other(其他) */,
			);
			path = Classes;
			sourceTree = "<group>";
		};
		3E22C3F520FAB61A00FE895E /* AppEntry(程序) */ = {
			isa = PBXGroup;
			children = (
				3E22C3F620FAB61A00FE895E /* AppDelegate.h */,
				3E22C3F720FAB61A00FE895E /* AppDelegate.m */,
			);
			path = "AppEntry(程序)";
			sourceTree = "<group>";
		};
		3E22C3F820FAB61A00FE895E /* Esserce(精华) */ = {
			isa = PBXGroup;
			children = (
				3E22C3F920FAB61A00FE895E /* Controller */,
				3E22C3FA20FAB61A00FE895E /* Model */,
				3E22C3FB20FAB61A00FE895E /* View */,
			);
			path = "Esserce(精华)";
			sourceTree = "<group>";
		};
		3E22C3F920FAB61A00FE895E /* Controller */ = {
			isa = PBXGroup;
			children = (
				3E22C41420FABF3E00FE895E /* WDDEssenceViewController.h */,
				3E22C41520FABF3E00FE895E /* WDDEssenceViewController.m */,
			);
			path = Controller;
			sourceTree = "<group>";
		};
		3E22C3FA20FAB61A00FE895E /* Model */ = {
			isa = PBXGroup;
			children = (
			);
			path = Model;
			sourceTree = "<group>";
		};
		3E22C3FB20FAB61A00FE895E /* View */ = {
			isa = PBXGroup;
			children = (
			);
			path = View;
			sourceTree = "<group>";
		};
		3E22C3FC20FAB61A00FE895E /* FriendTrend(关注) */ = {
			isa = PBXGroup;
			children = (
				3E22C3FD20FAB61A00FE895E /* Controller */,
				3E22C3FE20FAB61A00FE895E /* Model */,
				3E22C3FF20FAB61A00FE895E /* View */,
			);
			path = "FriendTrend(关注)";
			sourceTree = "<group>";
		};
		3E22C3FD20FAB61A00FE895E /* Controller */ = {
			isa = PBXGroup;
			children = (
				3E22C41720FABFB100FE895E /* WDDFriendTrendViewController.h */,
				3E22C41820FABFB100FE895E /* WDDFriendTrendViewController.m */,
			);
			path = Controller;
			sourceTree = "<group>";
		};
		3E22C3FE20FAB61A00FE895E /* Model */ = {
			isa = PBXGroup;
			children = (
			);
			path = Model;
			sourceTree = "<group>";
		};
		3E22C3FF20FAB61A00FE895E /* View */ = {
			isa = PBXGroup;
			children = (
			);
			path = View;
			sourceTree = "<group>";
		};
		3E22C40020FAB61A00FE895E /* Main(主要) */ = {
			isa = PBXGroup;
			children = (
				3E22C40120FAB61A00FE895E /* Controller */,
				3E22C40220FAB61A00FE895E /* Model */,
				3E22C40320FAB61A00FE895E /* View */,
			);
			path = "Main(主要)";
			sourceTree = "<group>";
		};
		3E22C40120FAB61A00FE895E /* Controller */ = {
			isa = PBXGroup;
			children = (
				3E22C42320FAC08800FE895E /* WDDTabBarViewController.h */,
				3E22C42420FAC08800FE895E /* WDDTabBarViewController.m */,
				3E22C42D20FC4E0100FE895E /* WDDNavigationController.h */,
				3E22C42E20FC4E0100FE895E /* WDDNavigationController.m */,
			);
			path = Controller;
			sourceTree = "<group>";
		};
		3E22C40220FAB61A00FE895E /* Model */ = {
			isa = PBXGroup;
			children = (
			);
			path = Model;
			sourceTree = "<group>";
		};
		3E22C40320FAB61A00FE895E /* View */ = {
			isa = PBXGroup;
			children = (
			);
			path = View;
			sourceTree = "<group>";
		};
		3E22C40420FAB61A00FE895E /* Me(我) */ = {
			isa = PBXGroup;
			children = (
				3E22C40520FAB61A00FE895E /* Controller */,
				3E22C40620FAB61A00FE895E /* Model */,
				3E22C40720FAB61A00FE895E /* View */,
			);
			path = "Me(我)";
			sourceTree = "<group>";
		};
		3E22C40520FAB61A00FE895E /* Controller */ = {
			isa = PBXGroup;
			children = (
				3E22C41A20FABFF100FE895E /* WDDMeViewController.h */,
				3E22C41B20FABFF100FE895E /* WDDMeViewController.m */,
			);
			path = Controller;
			sourceTree = "<group>";
		};
		3E22C40620FAB61A00FE895E /* Model */ = {
			isa = PBXGroup;
			children = (
			);
			path = Model;
			sourceTree = "<group>";
		};
		3E22C40720FAB61A00FE895E /* View */ = {
			isa = PBXGroup;
			children = (
			);
			path = View;
			sourceTree = "<group>";
		};
		3E22C40820FAB61A00FE895E /* New(新帖) */ = {
			isa = PBXGroup;
			children = (
				3E22C40920FAB61A00FE895E /* Controller */,
				3E22C40A20FAB61A00FE895E /* Model */,
				3E22C40B20FAB61A00FE895E /* View */,
			);
			path = "New(新帖)";
			sourceTree = "<group>";
		};
		3E22C40920FAB61A00FE895E /* Controller */ = {
			isa = PBXGroup;
			children = (
				3E22C41D20FAC01900FE895E /* WDDNewViewController.h */,
				3E22C41E20FAC01900FE895E /* WDDNewViewController.m */,
			);
			path = Controller;
			sourceTree = "<group>";
		};
		3E22C40A20FAB61A00FE895E /* Model */ = {
			isa = PBXGroup;
			children = (
			);
			path = Model;
			sourceTree = "<group>";
		};
		3E22C40B20FAB61A00FE895E /* View */ = {
			isa = PBXGroup;
			children = (
			);
			path = View;
			sourceTree = "<group>";
		};
		3E22C40C20FAB61A00FE895E /* Other(其他) */ = {
			isa = PBXGroup;
			children = (
				3E22C42620FAF0EB00FE895E /* Category */,
				3E22C40D20FAB61A00FE895E /* main.m */,
			);
			path = "Other(其他)";
			sourceTree = "<group>";
		};
		3E22C40E20FAB61A00FE895E /* Publish(发布) */ = {
			isa = PBXGroup;
			children = (
				3E22C40F20FAB61A00FE895E /* Controller */,
				3E22C41020FAB61A00FE895E /* Model */,
				3E22C41120FAB61A00FE895E /* View */,
			);
			path = "Publish(发布)";
			sourceTree = "<group>";
		};
		3E22C40F20FAB61A00FE895E /* Controller */ = {
			isa = PBXGroup;
			children = (
				3E22C42020FAC03800FE895E /* WDDPublishViewController.h */,
				3E22C42120FAC03800FE895E /* WDDPublishViewController.m */,
			);
			path = Controller;
			sourceTree = "<group>";
		};
		3E22C41020FAB61A00FE895E /* Model */ = {
			isa = PBXGroup;
			children = (
			);
			path = Model;
			sourceTree = "<group>";
		};
		3E22C41120FAB61A00FE895E /* View */ = {
			isa = PBXGroup;
			children = (
			);
			path = View;
			sourceTree = "<group>";
		};
		3E22C42620FAF0EB00FE895E /* Category */ = {
			isa = PBXGroup;
			children = (
				3E22C42A20FC2F7F00FE895E /* UIBarButtonItem+item.h */,
				3E22C42B20FC2F7F00FE895E /* UIBarButtonItem+item.m */,
				3E22C42820FAF0F500FE895E /* UIImage+image.h */,
				3E22C42720FAF0F500FE895E /* UIImage+image.m */,
			);
			path = Category;
			sourceTree = "<group>";
		};
		3E22C43020FC882100FE895E /* Setting(设置) */ = {
			isa = PBXGroup;
			children = (
				3E22C43120FC882100FE895E /* Controller */,
				3E22C43220FC882100FE895E /* Model */,
				3E22C43320FC882100FE895E /* View */,
			);
			path = "Setting(设置)";
			sourceTree = "<group>";
		};
		3E22C43120FC882100FE895E /* Controller */ = {
			isa = PBXGroup;
			children = (
				3E22C43420FC886800FE895E /* WDDSettingController.h */,
				3E22C43520FC886800FE895E /* WDDSettingController.m */,
			);
			path = Controller;
			sourceTree = "<group>";
		};
		3E22C43220FC882100FE895E /* Model */ = {
			isa = PBXGroup;
			children = (
			);
			path = Model;
			sourceTree = "<group>";
		};
		3E22C43320FC882100FE895E /* View */ = {
			isa = PBXGroup;
			children = (
			);
			path = View;
			sourceTree = "<group>";
		};
		3E282F3220FED5E600E45743 /* AD */ = {
			isa = PBXGroup;
			children = (
				3E282F3320FED5E600E45743 /* Controller */,
				3E282F3420FED5E600E45743 /* Model */,
				3E282F3520FED5E600E45743 /* View */,
			);
			path = AD;
			sourceTree = "<group>";
		};
		3E282F3320FED5E600E45743 /* Controller */ = {
			isa = PBXGroup;
			children = (
			);
			path = Controller;
			sourceTree = "<group>";
		};
		3E282F3420FED5E600E45743 /* Model */ = {
			isa = PBXGroup;
			children = (
			);
			path = Model;
			sourceTree = "<group>";
		};
		3E282F3520FED5E600E45743 /* View */ = {
			isa = PBXGroup;
			children = (
			);
			path = View;
			sourceTree = "<group>";
		};
		3E92C4C820F998AF00523A32 = {
			isa = PBXGroup;
			children = (
				3E92C4D320F998AF00523A32 /* Baisibudejie */,
				3E92C4D220F998AF00523A32 /* Products */,
				95DC800525C981DC7036210E /* Pods */,
				C6F59788D4DBB345A2881319 /* Frameworks */,
			);
			sourceTree = "<group>";
		};
		3E92C4D220F998AF00523A32 /* Products */ = {
			isa = PBXGroup;
			children = (
				3E92C4D120F998AF00523A32 /* Baisibudejie.app */,
			);
			name = Products;
			sourceTree = "<group>";
		};
		3E92C4D320F998AF00523A32 /* Baisibudejie */ = {
			isa = PBXGroup;
			children = (
				3E22C3F420FAB61A00FE895E /* Classes */,
				3E92C4DD20F998B000523A32 /* Assets.xcassets */,
				3E92C4DF20F998B000523A32 /* LaunchScreen.storyboard */,
				3E92C4E220F998B000523A32 /* Info.plist */,
			);
			path = Baisibudejie;
			sourceTree = "<group>";
		};
		95DC800525C981DC7036210E /* Pods */ = {
			isa = PBXGroup;
			children = (
				B3F303D50102375494F1A4F5 /* Pods-Baisibudejie.debug.xcconfig */,
				2FB8B50E796AF10A098D5DCF /* Pods-Baisibudejie.release.xcconfig */,
			);
			name = Pods;
			sourceTree = "<group>";
		};
		C6F59788D4DBB345A2881319 /* Frameworks */ = {
			isa = PBXGroup;
			children = (
				0BE446F9B49F18B4040513E1 /* libPods-Baisibudejie.a */,
			);
			name = Frameworks;
			sourceTree = "<group>";
		};
/* End PBXGroup section */

/* Begin PBXNativeTarget section */
		3E92C4D020F998AF00523A32 /* Baisibudejie */ = {
			isa = PBXNativeTarget;
			buildConfigurationList = 3E92C4E720F998B000523A32 /* Build configuration list for PBXNativeTarget "Baisibudejie" */;
			buildPhases = (
				B7E9AA049F834C5917AB1E49 /* [CP] Check Pods Manifest.lock */,
				3E92C4CD20F998AF00523A32 /* Sources */,
				3E92C4CE20F998AF00523A32 /* Frameworks */,
				3E92C4CF20F998AF00523A32 /* Resources */,
			);
			buildRules = (
			);
			dependencies = (
			);
			name = Baisibudejie;
			productName = Baisibudejie;
			productReference = 3E92C4D120F998AF00523A32 /* Baisibudejie.app */;
			productType = "com.apple.product-type.application";
		};
/* End PBXNativeTarget section */

/* Begin PBXProject section */
		3E92C4C920F998AF00523A32 /* Project object */ = {
			isa = PBXProject;
			attributes = {
				LastUpgradeCheck = 0940;
				ORGANIZATIONNAME = "仵懂懂";
				TargetAttributes = {
					3E92C4D020F998AF00523A32 = {
						CreatedOnToolsVersion = 9.4.1;
					};
				};
			};
			buildConfigurationList = 3E92C4CC20F998AF00523A32 /* Build configuration list for PBXProject "Baisibudejie" */;
			compatibilityVersion = "Xcode 9.3";
			developmentRegion = en;
			hasScannedForEncodings = 0;
			knownRegions = (
				en,
				Base,
			);
			mainGroup = 3E92C4C820F998AF00523A32;
			productRefGroup = 3E92C4D220F998AF00523A32 /* Products */;
			projectDirPath = "";
			projectRoot = "";
			targets = (
				3E92C4D020F998AF00523A32 /* Baisibudejie */,
			);
		};
/* End PBXProject section */

/* Begin PBXResourcesBuildPhase section */
		3E92C4CF20F998AF00523A32 /* Resources */ = {
			isa = PBXResourcesBuildPhase;
			buildActionMask = 2147483647;
			files = (
				3E92C4E120F998B000523A32 /* LaunchScreen.storyboard in Resources */,
				3E92C4DE20F998B000523A32 /* Assets.xcassets in Resources */,
			);
			runOnlyForDeploymentPostprocessing = 0;
		};
/* End PBXResourcesBuildPhase section */

/* Begin PBXShellScriptBuildPhase section */
		B7E9AA049F834C5917AB1E49 /* [CP] Check Pods Manifest.lock */ = {
			isa = PBXShellScriptBuildPhase;
			buildActionMask = 2147483647;
			files = (
			);
			inputPaths = (
				"${PODS_PODFILE_DIR_PATH}/Podfile.lock",
				"${PODS_ROOT}/Manifest.lock",
			);
			name = "[CP] Check Pods Manifest.lock";
			outputPaths = (
				"$(DERIVED_FILE_DIR)/Pods-Baisibudejie-checkManifestLockResult.txt",
			);
			runOnlyForDeploymentPostprocessing = 0;
			shellPath = /bin/sh;
			shellScript = "diff \"${PODS_PODFILE_DIR_PATH}/Podfile.lock\" \"${PODS_ROOT}/Manifest.lock\" > /dev/null\nif [ $? != 0 ] ; then\n    # print error to STDERR\n    echo \"error: The sandbox is not in sync with the Podfile.lock. Run 'pod install' or update your CocoaPods installation.\" >&2\n    exit 1\nfi\n# This output is used by Xcode 'outputs' to avoid re-running this script phase.\necho \"SUCCESS\" > \"${SCRIPT_OUTPUT_FILE_0}\"\n";
			showEnvVarsInLog = 0;
		};
/* End PBXShellScriptBuildPhase section */

/* Begin PBXSourcesBuildPhase section */
		3E92C4CD20F998AF00523A32 /* Sources */ = {
			isa = PBXSourcesBuildPhase;
			buildActionMask = 2147483647;
			files = (
				3E22C41920FABFB100FE895E /* WDDFriendTrendViewController.m in Sources */,
				3E22C41320FAB61A00FE895E /* main.m in Sources */,
				3E22C43620FC886800FE895E /* WDDSettingController.m in Sources */,
				3E22C42F20FC4E0100FE895E /* WDDNavigationController.m in Sources */,
				3E22C41220FAB61A00FE895E /* AppDelegate.m in Sources */,
				3E22C42C20FC2F7F00FE895E /* UIBarButtonItem+item.m in Sources */,
				3E22C41C20FABFF100FE895E /* WDDMeViewController.m in Sources */,
				3E22C41620FABF3E00FE895E /* WDDEssenceViewController.m in Sources */,
				3E22C41F20FAC01900FE895E /* WDDNewViewController.m in Sources */,
				3E22C42520FAC08800FE895E /* WDDTabBarViewController.m in Sources */,
				3E22C42220FAC03800FE895E /* WDDPublishViewController.m in Sources */,
				3E22C42920FAF0F500FE895E /* UIImage+image.m in Sources */,
			);
			runOnlyForDeploymentPostprocessing = 0;
		};
/* End PBXSourcesBuildPhase section */

/* Begin PBXVariantGroup section */
		3E92C4DF20F998B000523A32 /* LaunchScreen.storyboard */ = {
			isa = PBXVariantGroup;
			children = (
				3E92C4E020F998B000523A32 /* Base */,
			);
			name = LaunchScreen.storyboard;
			sourceTree = "<group>";
		};
/* End PBXVariantGroup section */

/* Begin XCBuildConfiguration section */
		3E92C4E520F998B000523A32 /* Debug */ = {
			isa = XCBuildConfiguration;
			buildSettings = {
				ALWAYS_SEARCH_USER_PATHS = NO;
				CLANG_ANALYZER_NONNULL = YES;
				CLANG_ANALYZER_NUMBER_OBJECT_CONVERSION = YES_AGGRESSIVE;
				CLANG_CXX_LANGUAGE_STANDARD = "gnu++14";
				CLANG_CXX_LIBRARY = "libc++";
				CLANG_ENABLE_MODULES = YES;
				CLANG_ENABLE_OBJC_ARC = YES;
				CLANG_ENABLE_OBJC_WEAK = YES;
				CLANG_WARN_BLOCK_CAPTURE_AUTORELEASING = YES;
				CLANG_WARN_BOOL_CONVERSION = YES;
				CLANG_WARN_COMMA = YES;
				CLANG_WARN_CONSTANT_CONVERSION = YES;
				CLANG_WARN_DEPRECATED_OBJC_IMPLEMENTATIONS = YES;
				CLANG_WARN_DIRECT_OBJC_ISA_USAGE = YES_ERROR;
				CLANG_WARN_DOCUMENTATION_COMMENTS = YES;
				CLANG_WARN_EMPTY_BODY = YES;
				CLANG_WARN_ENUM_CONVERSION = YES;
				CLANG_WARN_INFINITE_RECURSION = YES;
				CLANG_WARN_INT_CONVERSION = YES;
				CLANG_WARN_NON_LITERAL_NULL_CONVERSION = YES;
				CLANG_WARN_OBJC_IMPLICIT_RETAIN_SELF = YES;
				CLANG_WARN_OBJC_LITERAL_CONVERSION = YES;
				CLANG_WARN_OBJC_ROOT_CLASS = YES_ERROR;
				CLANG_WARN_RANGE_LOOP_ANALYSIS = YES;
				CLANG_WARN_STRICT_PROTOTYPES = YES;
				CLANG_WARN_SUSPICIOUS_MOVE = YES;
				CLANG_WARN_UNGUARDED_AVAILABILITY = YES_AGGRESSIVE;
				CLANG_WARN_UNREACHABLE_CODE = YES;
				CLANG_WARN__DUPLICATE_METHOD_MATCH = YES;
				CODE_SIGN_IDENTITY = "iPhone Developer";
				COPY_PHASE_STRIP = NO;
				DEBUG_INFORMATION_FORMAT = dwarf;
				ENABLE_STRICT_OBJC_MSGSEND = YES;
				ENABLE_TESTABILITY = YES;
				GCC_C_LANGUAGE_STANDARD = gnu11;
				GCC_DYNAMIC_NO_PIC = NO;
				GCC_NO_COMMON_BLOCKS = YES;
				GCC_OPTIMIZATION_LEVEL = 0;
				GCC_PREPROCESSOR_DEFINITIONS = (
					"DEBUG=1",
					"$(inherited)",
				);
				GCC_WARN_64_TO_32_BIT_CONVERSION = YES;
				GCC_WARN_ABOUT_RETURN_TYPE = YES_ERROR;
				GCC_WARN_UNDECLARED_SELECTOR = YES;
				GCC_WARN_UNINITIALIZED_AUTOS = YES_AGGRESSIVE;
				GCC_WARN_UNUSED_FUNCTION = YES;
				GCC_WARN_UNUSED_VARIABLE = YES;
				IPHONEOS_DEPLOYMENT_TARGET = 11.4;
				MTL_ENABLE_DEBUG_INFO = YES;
				ONLY_ACTIVE_ARCH = YES;
				SDKROOT = iphoneos;
			};
			name = Debug;
		};
		3E92C4E620F998B000523A32 /* Release */ = {
			isa = XCBuildConfiguration;
			buildSettings = {
				ALWAYS_SEARCH_USER_PATHS = NO;
				CLANG_ANALYZER_NONNULL = YES;
				CLANG_ANALYZER_NUMBER_OBJECT_CONVERSION = YES_AGGRESSIVE;
				CLANG_CXX_LANGUAGE_STANDARD = "gnu++14";
				CLANG_CXX_LIBRARY = "libc++";
				CLANG_ENABLE_MODULES = YES;
				CLANG_ENABLE_OBJC_ARC = YES;
				CLANG_ENABLE_OBJC_WEAK = YES;
				CLANG_WARN_BLOCK_CAPTURE_AUTORELEASING = YES;
				CLANG_WARN_BOOL_CONVERSION = YES;
				CLANG_WARN_COMMA = YES;
				CLANG_WARN_CONSTANT_CONVERSION = YES;
				CLANG_WARN_DEPRECATED_OBJC_IMPLEMENTATIONS = YES;
				CLANG_WARN_DIRECT_OBJC_ISA_USAGE = YES_ERROR;
				CLANG_WARN_DOCUMENTATION_COMMENTS = YES;
				CLANG_WARN_EMPTY_BODY = YES;
				CLANG_WARN_ENUM_CONVERSION = YES;
				CLANG_WARN_INFINITE_RECURSION = YES;
				CLANG_WARN_INT_CONVERSION = YES;
				CLANG_WARN_NON_LITERAL_NULL_CONVERSION = YES;
				CLANG_WARN_OBJC_IMPLICIT_RETAIN_SELF = YES;
				CLANG_WARN_OBJC_LITERAL_CONVERSION = YES;
				CLANG_WARN_OBJC_ROOT_CLASS = YES_ERROR;
				CLANG_WARN_RANGE_LOOP_ANALYSIS = YES;
				CLANG_WARN_STRICT_PROTOTYPES = YES;
				CLANG_WARN_SUSPICIOUS_MOVE = YES;
				CLANG_WARN_UNGUARDED_AVAILABILITY = YES_AGGRESSIVE;
				CLANG_WARN_UNREACHABLE_CODE = YES;
				CLANG_WARN__DUPLICATE_METHOD_MATCH = YES;
				CODE_SIGN_IDENTITY = "iPhone Developer";
				COPY_PHASE_STRIP = NO;
				DEBUG_INFORMATION_FORMAT = "dwarf-with-dsym";
				ENABLE_NS_ASSERTIONS = NO;
				ENABLE_STRICT_OBJC_MSGSEND = YES;
				GCC_C_LANGUAGE_STANDARD = gnu11;
				GCC_NO_COMMON_BLOCKS = YES;
				GCC_WARN_64_TO_32_BIT_CONVERSION = YES;
				GCC_WARN_ABOUT_RETURN_TYPE = YES_ERROR;
				GCC_WARN_UNDECLARED_SELECTOR = YES;
				GCC_WARN_UNINITIALIZED_AUTOS = YES_AGGRESSIVE;
				GCC_WARN_UNUSED_FUNCTION = YES;
				GCC_WARN_UNUSED_VARIABLE = YES;
				IPHONEOS_DEPLOYMENT_TARGET = 11.4;
				MTL_ENABLE_DEBUG_INFO = NO;
				SDKROOT = iphoneos;
				VALIDATE_PRODUCT = YES;
			};
			name = Release;
		};
		3E92C4E820F998B000523A32 /* Debug */ = {
			isa = XCBuildConfiguration;
			baseConfigurationReference = B3F303D50102375494F1A4F5 /* Pods-Baisibudejie.debug.xcconfig */;
			buildSettings = {
				ASSETCATALOG_COMPILER_APPICON_NAME = AppIcon;
				ASSETCATALOG_COMPILER_LAUNCHIMAGE_NAME = LaunchImage;
				CODE_SIGN_STYLE = Automatic;
				INFOPLIST_FILE = Baisibudejie/Info.plist;
				LD_RUNPATH_SEARCH_PATHS = (
					"$(inherited)",
					"@executable_path/Frameworks",
				);
				PRODUCT_BUNDLE_IDENTIFIER = com.dongyan.Baisibudejie;
				PRODUCT_NAME = "$(TARGET_NAME)";
				TARGETED_DEVICE_FAMILY = "1,2";
			};
			name = Debug;
		};
		3E92C4E920F998B000523A32 /* Release */ = {
			isa = XCBuildConfiguration;
			baseConfigurationReference = 2FB8B50E796AF10A098D5DCF /* Pods-Baisibudejie.release.xcconfig */;
			buildSettings = {
				ASSETCATALOG_COMPILER_APPICON_NAME = AppIcon;
				ASSETCATALOG_COMPILER_LAUNCHIMAGE_NAME = LaunchImage;
				CODE_SIGN_STYLE = Automatic;
				INFOPLIST_FILE = Baisibudejie/Info.plist;
				LD_RUNPATH_SEARCH_PATHS = (
					"$(inherited)",
					"@executable_path/Frameworks",
				);
				PRODUCT_BUNDLE_IDENTIFIER = com.dongyan.Baisibudejie;
				PRODUCT_NAME = "$(TARGET_NAME)";
				TARGETED_DEVICE_FAMILY = "1,2";
			};
			name = Release;
		};
/* End XCBuildConfiguration section */

/* Begin XCConfigurationList section */
		3E92C4CC20F998AF00523A32 /* Build configuration list for PBXProject "Baisibudejie" */ = {
			isa = XCConfigurationList;
			buildConfigurations = (
				3E92C4E520F998B000523A32 /* Debug */,
				3E92C4E620F998B000523A32 /* Release */,
			);
			defaultConfigurationIsVisible = 0;
			defaultConfigurationName = Release;
		};
		3E92C4E720F998B000523A32 /* Build configuration list for PBXNativeTarget "Baisibudejie" */ = {
			isa = XCConfigurationList;
			buildConfigurations = (
				3E92C4E820F998B000523A32 /* Debug */,
				3E92C4E920F998B000523A32 /* Release */,
			);
			defaultConfigurationIsVisible = 0;
			defaultConfigurationName = Release;
		};
/* End XCConfigurationList section */
	};
	rootObject = 3E92C4C920F998AF00523A32 /* Project object */;
}
